// !$*UTF8*$!
{
	archiveVersion = 1;
	classes = {
	};
	objectVersion = 46;
	objects = {

/* Begin PBXBuildFile section */
		4F0925FA1EB2FF28005077E7 /* AppDelegate.swift in Sources */ = {isa = PBXBuildFile; fileRef = 4F0925F91EB2FF28005077E7 /* AppDelegate.swift */; };
		4F0925FC1EB2FF28005077E7 /* ViewController.swift in Sources */ = {isa = PBXBuildFile; fileRef = 4F0925FB1EB2FF28005077E7 /* ViewController.swift */; };
		4F0925FF1EB2FF28005077E7 /* Main.storyboard in Resources */ = {isa = PBXBuildFile; fileRef = 4F0925FD1EB2FF28005077E7 /* Main.storyboard */; };
		4F0926011EB2FF28005077E7 /* Assets.xcassets in Resources */ = {isa = PBXBuildFile; fileRef = 4F0926001EB2FF28005077E7 /* Assets.xcassets */; };
		4F0926041EB2FF28005077E7 /* LaunchScreen.storyboard in Resources */ = {isa = PBXBuildFile; fileRef = 4F0926021EB2FF28005077E7 /* LaunchScreen.storyboard */; };
		4F09260C1ECDAC7D005077E7 /* QuizPage.swift in Sources */ = {isa = PBXBuildFile; fileRef = 4F09260B1ECDAC7D005077E7 /* QuizPage.swift */; };
		4FC42EC31ED15798005CA6EB /* quizmedium.swift in Sources */ = {isa = PBXBuildFile; fileRef = 4FC42EC21ED15798005CA6EB /* quizmedium.swift */; };
		4FC42EC51ED15915005CA6EB /* quizhard.swift in Sources */ = {isa = PBXBuildFile; fileRef = 4FC42EC41ED15915005CA6EB /* quizhard.swift */; };
		4FEFDC711ED1742200339BFF /* SavedScores.swift in Sources */ = {isa = PBXBuildFile; fileRef = 4FEFDC701ED1742200339BFF /* SavedScores.swift */; };
/* End PBXBuildFile section */

/* Begin PBXFileReference section */
		4F0925F61EB2FF28005077E7 /* The Ultimate Quiz.app */ = {isa = PBXFileReference; explicitFileType = wrapper.application; includeInIndex = 0; path = "The Ultimate Quiz.app"; sourceTree = BUILT_PRODUCTS_DIR; };
		4F0925F91EB2FF28005077E7 /* AppDelegate.swift */ = {isa = PBXFileReference; lastKnownFileType = sourcecode.swift; path = AppDelegate.swift; sourceTree = "<group>"; };
		4F0925FB1EB2FF28005077E7 /* ViewController.swift */ = {isa = PBXFileReference; lastKnownFileType = sourcecode.swift; path = ViewController.swift; sourceTree = "<group>"; };
		4F0925FE1EB2FF28005077E7 /* Base */ = {isa = PBXFileReference; lastKnownFileType = file.storyboard; name = Base; path = Base.lproj/Main.storyboard; sourceTree = "<group>"; };
		4F0926001EB2FF28005077E7 /* Assets.xcassets */ = {isa = PBXFileReference; lastKnownFileType = folder.assetcatalog; path = Assets.xcassets; sourceTree = "<group>"; };
		4F0926031EB2FF28005077E7 /* Base */ = {isa = PBXFileReference; lastKnownFileType = file.storyboard; name = Base; path = Base.lproj/LaunchScreen.storyboard; sourceTree = "<group>"; };
		4F0926051EB2FF28005077E7 /* Info.plist */ = {isa = PBXFileReference; lastKnownFileType = text.plist.xml; path = Info.plist; sourceTree = "<group>"; };
		4F09260B1ECDAC7D005077E7 /* QuizPage.swift */ = {isa = PBXFileReference; fileEncoding = 4; lastKnownFileType = sourcecode.swift; path = QuizPage.swift; sourceTree = "<group>"; };
		4FC42EC21ED15798005CA6EB /* quizmedium.swift */ = {isa = PBXFileReference; fileEncoding = 4; lastKnownFileType = sourcecode.swift; name = quizmedium.swift; path = ../quizmedium.swift; sourceTree = "<group>"; };
		4FC42EC41ED15915005CA6EB /* quizhard.swift */ = {isa = PBXFileReference; fileEncoding = 4; lastKnownFileType = sourcecode.swift; path = quizhard.swift; sourceTree = "<group>"; };
		4FEFDC701ED1742200339BFF /* SavedScores.swift */ = {isa = PBXFileReference; fileEncoding = 4; lastKnownFileType = sourcecode.swift; path = SavedScores.swift; sourceTree = "<group>"; };
/* End PBXFileReference section */

/* Begin PBXFrameworksBuildPhase section */
		4F0925F31EB2FF28005077E7 /* Frameworks */ = {
			isa = PBXFrameworksBuildPhase;
			buildActionMask = 2147483647;
			files = (
			);
			runOnlyForDeploymentPostprocessing = 0;
		};
/* End PBXFrameworksBuildPhase section */

/* Begin PBXGroup section */
		4F0925ED1EB2FF28005077E7 = {
			isa = PBXGroup;
			children = (
				4F0925F81EB2FF28005077E7 /* The Ultimate Quiz */,
				4F0925F71EB2FF28005077E7 /* Products */,
			);
			sourceTree = "<group>";
		};
		4F0925F71EB2FF28005077E7 /* Products */ = {
			isa = PBXGroup;
			children = (
				4F0925F61EB2FF28005077E7 /* The Ultimate Quiz.app */,
			);
			name = Products;
			sourceTree = "<group>";
		};
		4F0925F81EB2FF28005077E7 /* The Ultimate Quiz */ = {
			isa = PBXGroup;
			children = (
				4FC42EC21ED15798005CA6EB /* quizmedium.swift */,
				4F0925F91EB2FF28005077E7 /* AppDelegate.swift */,
				4F0925FB1EB2FF28005077E7 /* ViewController.swift */,
				4F0925FD1EB2FF28005077E7 /* Main.storyboard */,
				4FEFDC701ED1742200339BFF /* SavedScores.swift */,
				4FC42EC41ED15915005CA6EB /* quizhard.swift */,
				4F09260B1ECDAC7D005077E7 /* QuizPage.swift */,
				4F0926001EB2FF28005077E7 /* Assets.xcassets */,
				4F0926021EB2FF28005077E7 /* LaunchScreen.storyboard */,
				4F0926051EB2FF28005077E7 /* Info.plist */,
			);
			path = "The Ultimate Quiz";
			sourceTree = "<group>";
		};
/* End PBXGroup section */

/* Begin PBXNativeTarget section */
		4F0925F51EB2FF28005077E7 /* The Ultimate Quiz */ = {
			isa = PBXNativeTarget;
			buildConfigurationList = 4F0926081EB2FF28005077E7 /* Build configuration list for PBXNativeTarget "The Ultimate Quiz" */;
			buildPhases = (
				4F0925F21EB2FF28005077E7 /* Sources */,
				4F0925F31EB2FF28005077E7 /* Frameworks */,
				4F0925F41EB2FF28005077E7 /* Resources */,
			);
			buildRules = (
			);
			dependencies = (
			);
			name = "The Ultimate Quiz";
			productName = "The Ultimate Quiz";
			productReference = 4F0925F61EB2FF28005077E7 /* The Ultimate Quiz.app */;
			productType = "com.apple.product-type.application";
		};
/* End PBXNativeTarget section */

/* Begin PBXProject section */
		4F0925EE1EB2FF28005077E7 /* Project object */ = {
			isa = PBXProject;
			attributes = {
				LastSwiftUpdateCheck = 0830;
				LastUpgradeCheck = 0830;
				ORGANIZATIONNAME = "Jonathan Quinn";
				TargetAttributes = {
					4F0925F51EB2FF28005077E7 = {
						CreatedOnToolsVersion = 8.3;
						ProvisioningStyle = Automatic;
					};
				};
			};
			buildConfigurationList = 4F0925F11EB2FF28005077E7 /* Build configuration list for PBXProject "The Ultimate Quiz" */;
			compatibilityVersion = "Xcode 3.2";
			developmentRegion = English;
			hasScannedForEncodings = 0;
			knownRegions = (
				en,
				Base,
			);
			mainGroup = 4F0925ED1EB2FF28005077E7;
			productRefGroup = 4F0925F71EB2FF28005077E7 /* Products */;
			projectDirPath = "";
			projectRoot = "";
			targets = (
				4F0925F51EB2FF28005077E7 /* The Ultimate Quiz */,
			);
		};
/* End PBXProject section */

/* Begin PBXResourcesBuildPhase section */
		4F0925F41EB2FF28005077E7 /* Resources */ = {
			isa = PBXResourcesBuildPhase;
			buildActionMask = 2147483647;
			files = (
				4F0926041EB2FF28005077E7 /* LaunchScreen.storyboard in Resources */,
				4F0926011EB2FF28005077E7 /* Assets.xcassets in Resources */,
				4F0925FF1EB2FF28005077E7 /* Main.storyboard in Resources */,
			);
			runOnlyForDeploymentPostprocessing = 0;
		};
/* End PBXResourcesBuildPhase section */

/* Begin PBXSourcesBuildPhase section */
		4F0925F21EB2FF28005077E7 /* Sources */ = {
			isa = PBXSourcesBuildPhase;
			buildActionMask = 2147483647;
			files = (
				4F09260C1ECDAC7D005077E7 /* QuizPage.swift in Sources */,
				4FC42EC31ED15798005CA6EB /* quizmedium.swift in Sources */,
				4FC42EC51ED15915005CA6EB /* quizhard.swift in Sources */,
				4F0925FC1EB2FF28005077E7 /* ViewController.swift in Sources */,
				4FEFDC711ED1742200339BFF /* SavedScores.swift in Sources */,
				4F0925FA1EB2FF28005077E7 /* AppDelegate.swift in Sources */,
			);
			runOnlyForDeploymentPostprocessing = 0;
		};
/* End PBXSourcesBuildPhase section */

/* Begin PBXVariantGroup section */
		4F0925FD1EB2FF28005077E7 /* Main.storyboard */ = {
			isa = PBXVariantGroup;
			children = (
				4F0925FE1EB2FF28005077E7 /* Base */,
			);
			name = Main.storyboard;
			sourceTree = "<group>";
		};
		4F0926021EB2FF28005077E7 /* LaunchScreen.storyboard */ = {
			isa = PBXVariantGroup;
			children = (
				4F0926031EB2FF28005077E7 /* Base */,
			);
			name = LaunchScreen.storyboard;
			sourceTree = "<group>";
		};
/* End PBXVariantGroup section */

/* Begin XCBuildConfiguration section */
		4F0926061EB2FF28005077E7 /* Debug */ = {
			isa = XCBuildConfiguration;
			buildSettings = {
				ALWAYS_SEARCH_USER_PATHS = NO;
				CLANG_ANALYZER_NONNULL = YES;
				CLANG_ANALYZER_NUMBER_OBJECT_CONVERSION = YES_AGGRESSIVE;
				CLANG_CXX_LANGUAGE_STANDARD = "gnu++0x";
				CLANG_CXX_LIBRARY = "libc++";
				CLANG_ENABLE_MODULES = YES;
				CLANG_ENABLE_OBJC_ARC = YES;
				CLANG_WARN_BOOL_CONVERSION = YES;
				CLANG_WARN_CONSTANT_CONVERSION = YES;
				CLANG_WARN_DIRECT_OBJC_ISA_USAGE = YES_ERROR;
				CLANG_WARN_DOCUMENTATION_COMMENTS = YES;
				CLANG_WARN_EMPTY_BODY = YES;
				CLANG_WARN_ENUM_CONVERSION = YES;
				CLANG_WARN_INFINITE_RECURSION = YES;
				CLANG_WARN_INT_CONVERSION = YES;
				CLANG_WARN_OBJC_ROOT_CLASS = YES_ERROR;
				CLANG_WARN_SUSPICIOUS_MOVE = YES;
				CLANG_WARN_UNREACHABLE_CODE = YES;
				CLANG_WARN__DUPLICATE_METHOD_MATCH = YES;
				"CODE_SIGN_IDENTITY[sdk=iphoneos*]" = "iPhone Developer";
				COPY_PHASE_STRIP = NO;
				DEBUG_INFORMATION_FORMAT = dwarf;
				ENABLE_STRICT_OBJC_MSGSEND = YES;
				ENABLE_TESTABILITY = YES;
				GCC_C_LANGUAGE_STANDARD = gnu99;
				GCC_DYNAMIC_NO_PIC = NO;
				GCC_NO_COMMON_BLOCKS = YES;
				GCC_OPTIMIZATION_LEVEL = 0;
				GCC_PREPROCESSOR_DEFINITIONS = (
					"DEBUG=1",
					"$(inherited)",
				);
				GCC_WARN_64_TO_32_BIT_CONVERSION = YES;
				GCC_WARN_ABOUT_RETURN_TYPE = YES_ERROR;
				GCC_WARN_UNDECLARED_SELECTOR = YES;
				GCC_WARN_UNINITIALIZED_AUTOS = YES_AGGRESSIVE;
				GCC_WARN_UNUSED_FUNCTION = YES;
				GCC_WARN_UNUSED_VARIABLE = YES;
				IPHONEOS_DEPLOYMENT_TARGET = 10.3;
				MTL_ENABLE_DEBUG_INFO = YES;
				ONLY_ACTIVE_ARCH = YES;
				SDKROOT = iphoneos;
				SWIFT_ACTIVE_COMPILATION_CONDITIONS = DEBUG;
				SWIFT_OPTIMIZATION_LEVEL = "-Onone";
				TARGETED_DEVICE_FAMILY = "1,2";
			};
			name = Debug;
		};
		4F0926071EB2FF28005077E7 /* Release */ = {
			isa = XCBuildConfiguration;
			buildSettings = {
				ALWAYS_SEARCH_USER_PATHS = NO;
				CLANG_ANALYZER_NONNULL = YES;
				CLANG_ANALYZER_NUMBER_OBJECT_CONVERSION = YES_AGGRESSIVE;
				CLANG_CXX_LANGUAGE_STANDARD = "gnu++0x";
				CLANG_CXX_LIBRARY = "libc++";
				CLANG_ENABLE_MODULES = YES;
				CLANG_ENABLE_OBJC_ARC = YES;
				CLANG_WARN_BOOL_CONVERSION = YES;
				CLANG_WARN_CONSTANT_CONVERSION = YES;
				CLANG_WARN_DIRECT_OBJC_ISA_USAGE = YES_ERROR;
				CLANG_WARN_DOCUMENTATION_COMMENTS = YES;
				CLANG_WARN_EMPTY_BODY = YES;
				CLANG_WARN_ENUM_CONVERSION = YES;
				CLANG_WARN_INFINITE_RECURSION = YES;
				CLANG_WARN_INT_CONVERSION = YES;
				CLANG_WARN_OBJC_ROOT_CLASS = YES_ERROR;
				CLANG_WARN_SUSPICIOUS_MOVE = YES;
				CLANG_WARN_UNREACHABLE_CODE = YES;
				CLANG_WARN__DUPLICATE_METHOD_MATCH = YES;
				"CODE_SIGN_IDENTITY[sdk=iphoneos*]" = "iPhone Developer";
				COPY_PHASE_STRIP = NO;
				DEBUG_INFORMATION_FORMAT = "dwarf-with-dsym";
				ENABLE_NS_ASSERTIONS = NO;
				ENABLE_STRICT_OBJC_MSGSEND = YES;
				GCC_C_LANGUAGE_STANDARD = gnu99;
				GCC_NO_COMMON_BLOCKS = YES;
				GCC_WARN_64_TO_32_BIT_CONVERSION = YES;
				GCC_WARN_ABOUT_RETURN_TYPE = YES_ERROR;
				GCC_WARN_UNDECLARED_SELECTOR = YES;
				GCC_WARN_UNINITIALIZED_AUTOS = YES_AGGRESSIVE;
				GCC_WARN_UNUSED_FUNCTION = YES;
				GCC_WARN_UNUSED_VARIABLE = YES;
				IPHONEOS_DEPLOYMENT_TARGET = 10.3;
				MTL_ENABLE_DEBUG_INFO = NO;
				SDKROOT = iphoneos;
				SWIFT_OPTIMIZATION_LEVEL = "-Owholemodule";
				TARGETED_DEVICE_FAMILY = "1,2";
				VALIDATE_PRODUCT = YES;
			};
			name = Release;
		};
		4F0926091EB2FF28005077E7 /* Debug */ = {
			isa = XCBuildConfiguration;
			buildSettings = {
				ASSETCATALOG_COMPILER_APPICON_NAME = AppIcon;
				INFOPLIST_FILE = "The Ultimate Quiz/Info.plist";
				LD_RUNPATH_SEARCH_PATHS = "$(inherited) @executable_path/Frameworks";
				PRODUCT_BUNDLE_IDENTIFIER = "deakin.The-Ultimate-Quiz";
				PRODUCT_NAME = "$(TARGET_NAME)";
				SWIFT_VERSION = 3.0;
			};
			name = Debug;
		};
		4F09260A1EB2FF28005077E7 /* Release */ = {
			isa = XCBuildConfiguration;
			buildSettings = {
				ASSETCATALOG_COMPILER_APPICON_NAME = AppIcon;
				INFOPLIST_FILE = "The Ultimate Quiz/Info.plist";
				LD_RUNPATH_SEARCH_PATHS = "$(inherited) @executable_path/Frameworks";
				PRODUCT_BUNDLE_IDENTIFIER = "deakin.The-Ultimate-Quiz";
				PRODUCT_NAME = "$(TARGET_NAME)";
				SWIFT_VERSION = 3.0;
			};
			name = Release;
		};
/* End XCBuildConfiguration section */

/* Begin XCConfigurationList section */
		4F0925F11EB2FF28005077E7 /* Build configuration list for PBXProject "The Ultimate Quiz" */ = {
			isa = XCConfigurationList;
			buildConfigurations = (
				4F0926061EB2FF28005077E7 /* Debug */,
				4F0926071EB2FF28005077E7 /* Release */,
			);
			defaultConfigurationIsVisible = 0;
			defaultConfigurationName = Release;
		};
		4F0926081EB2FF28005077E7 /* Build configuration list for PBXNativeTarget "The Ultimate Quiz" */ = {
			isa = XCConfigurationList;
			buildConfigurations = (
				4F0926091EB2FF28005077E7 /* Debug */,
				4F09260A1EB2FF28005077E7 /* Release */,
			);
			defaultConfigurationIsVisible = 0;
			defaultConfigurationName = Release;
		};
/* End XCConfigurationList section */
	};
	rootObject = 4F0925EE1EB2FF28005077E7 /* Project object */;
}
